// !$*UTF8*$!
{
	archiveVersion = 1;
	classes = {
	};
	objectVersion = 56;
	objects = {

/* Begin PBXBuildFile section */
		3A3956C8398433907E0A9815 /* Pods_blueit_blueitUITests.framework in Frameworks */ = {isa = PBXBuildFile; fileRef = 4510A62FAE082F86F5C08050 /* Pods_blueit_blueitUITests.framework */; };
		7882F8AEABDC26411E6A1DD1 /* Pods_blueit.framework in Frameworks */ = {isa = PBXBuildFile; fileRef = 10F1DA806082E85CD10CA83E /* Pods_blueit.framework */; };
		843C0C3C81E71F039AEA7D65 /* Pods_blueitTests.framework in Frameworks */ = {isa = PBXBuildFile; fileRef = 8118C6B82AC3C9C0A021FEEB /* Pods_blueitTests.framework */; };
		A0FBB8DE292924CC009C3EEB /* RedditAPICaller.swift in Sources */ = {isa = PBXBuildFile; fileRef = A0FBB8DD292924CB009C3EEB /* RedditAPICaller.swift */; };
		D175100C291ADAB0002C1715 /* AppDelegate.swift in Sources */ = {isa = PBXBuildFile; fileRef = D175100B291ADAB0002C1715 /* AppDelegate.swift */; };
		D175100E291ADAB0002C1715 /* SceneDelegate.swift in Sources */ = {isa = PBXBuildFile; fileRef = D175100D291ADAB0002C1715 /* SceneDelegate.swift */; };
		D1751013291ADAB0002C1715 /* Main.storyboard in Resources */ = {isa = PBXBuildFile; fileRef = D1751011291ADAB0002C1715 /* Main.storyboard */; };
		D1751015291ADAB2002C1715 /* Assets.xcassets in Resources */ = {isa = PBXBuildFile; fileRef = D1751014291ADAB2002C1715 /* Assets.xcassets */; };
		D1751018291ADAB2002C1715 /* LaunchScreen.storyboard in Resources */ = {isa = PBXBuildFile; fileRef = D1751016291ADAB2002C1715 /* LaunchScreen.storyboard */; };
		D1751023291ADAB2002C1715 /* blueitTests.swift in Sources */ = {isa = PBXBuildFile; fileRef = D1751022291ADAB2002C1715 /* blueitTests.swift */; };
		D175102D291ADAB2002C1715 /* blueitUITests.swift in Sources */ = {isa = PBXBuildFile; fileRef = D175102C291ADAB2002C1715 /* blueitUITests.swift */; };
		D175102F291ADAB2002C1715 /* blueitUITestsLaunchTests.swift in Sources */ = {isa = PBXBuildFile; fileRef = D175102E291ADAB2002C1715 /* blueitUITestsLaunchTests.swift */; };
		D1EE55B12924551D000FD81D /* LoginViewController.swift in Sources */ = {isa = PBXBuildFile; fileRef = D1EE55B02924551D000FD81D /* LoginViewController.swift */; };
		D1EE55B72924568B000FD81D /* FeedViewController.swift in Sources */ = {isa = PBXBuildFile; fileRef = D1EE55B62924568B000FD81D /* FeedViewController.swift */; };
/* End PBXBuildFile section */

/* Begin PBXContainerItemProxy section */
		D175101F291ADAB2002C1715 /* PBXContainerItemProxy */ = {
			isa = PBXContainerItemProxy;
			containerPortal = D1751000291ADAB0002C1715 /* Project object */;
			proxyType = 1;
			remoteGlobalIDString = D1751007291ADAB0002C1715;
			remoteInfo = blueit;
		};
		D1751029291ADAB2002C1715 /* PBXContainerItemProxy */ = {
			isa = PBXContainerItemProxy;
			containerPortal = D1751000291ADAB0002C1715 /* Project object */;
			proxyType = 1;
			remoteGlobalIDString = D1751007291ADAB0002C1715;
			remoteInfo = blueit;
		};
/* End PBXContainerItemProxy section */

/* Begin PBXFileReference section */
		10F1DA806082E85CD10CA83E /* Pods_blueit.framework */ = {isa = PBXFileReference; explicitFileType = wrapper.framework; includeInIndex = 0; path = Pods_blueit.framework; sourceTree = BUILT_PRODUCTS_DIR; };
		1506E39F3C08C1D5A991FD8A /* Pods-blueitTests.release.xcconfig */ = {isa = PBXFileReference; includeInIndex = 1; lastKnownFileType = text.xcconfig; name = "Pods-blueitTests.release.xcconfig"; path = "Target Support Files/Pods-blueitTests/Pods-blueitTests.release.xcconfig"; sourceTree = "<group>"; };
		4510A62FAE082F86F5C08050 /* Pods_blueit_blueitUITests.framework */ = {isa = PBXFileReference; explicitFileType = wrapper.framework; includeInIndex = 0; path = Pods_blueit_blueitUITests.framework; sourceTree = BUILT_PRODUCTS_DIR; };
		6263AAE989E5DD3EFCE8547E /* Pods-blueit-blueitUITests.debug.xcconfig */ = {isa = PBXFileReference; includeInIndex = 1; lastKnownFileType = text.xcconfig; name = "Pods-blueit-blueitUITests.debug.xcconfig"; path = "Target Support Files/Pods-blueit-blueitUITests/Pods-blueit-blueitUITests.debug.xcconfig"; sourceTree = "<group>"; };
		6312DFDE405C8AACB6F55905 /* Pods-blueit.debug.xcconfig */ = {isa = PBXFileReference; includeInIndex = 1; lastKnownFileType = text.xcconfig; name = "Pods-blueit.debug.xcconfig"; path = "Target Support Files/Pods-blueit/Pods-blueit.debug.xcconfig"; sourceTree = "<group>"; };
		8118C6B82AC3C9C0A021FEEB /* Pods_blueitTests.framework */ = {isa = PBXFileReference; explicitFileType = wrapper.framework; includeInIndex = 0; path = Pods_blueitTests.framework; sourceTree = BUILT_PRODUCTS_DIR; };
		88B3C5FDE62350D4B6797CE6 /* Pods-blueit-blueitUITests.release.xcconfig */ = {isa = PBXFileReference; includeInIndex = 1; lastKnownFileType = text.xcconfig; name = "Pods-blueit-blueitUITests.release.xcconfig"; path = "Target Support Files/Pods-blueit-blueitUITests/Pods-blueit-blueitUITests.release.xcconfig"; sourceTree = "<group>"; };
		A0FBB8DD292924CB009C3EEB /* RedditAPICaller.swift */ = {isa = PBXFileReference; lastKnownFileType = sourcecode.swift; path = RedditAPICaller.swift; sourceTree = "<group>"; };
		C5E710CEFBA97A2E107AD75C /* Pods-blueitTests.debug.xcconfig */ = {isa = PBXFileReference; includeInIndex = 1; lastKnownFileType = text.xcconfig; name = "Pods-blueitTests.debug.xcconfig"; path = "Target Support Files/Pods-blueitTests/Pods-blueitTests.debug.xcconfig"; sourceTree = "<group>"; };
		D1751008291ADAB0002C1715 /* blueit.app */ = {isa = PBXFileReference; explicitFileType = wrapper.application; includeInIndex = 0; path = blueit.app; sourceTree = BUILT_PRODUCTS_DIR; };
		D175100B291ADAB0002C1715 /* AppDelegate.swift */ = {isa = PBXFileReference; lastKnownFileType = sourcecode.swift; path = AppDelegate.swift; sourceTree = "<group>"; };
		D175100D291ADAB0002C1715 /* SceneDelegate.swift */ = {isa = PBXFileReference; lastKnownFileType = sourcecode.swift; path = SceneDelegate.swift; sourceTree = "<group>"; };
		D1751012291ADAB0002C1715 /* Base */ = {isa = PBXFileReference; lastKnownFileType = file.storyboard; name = Base; path = Base.lproj/Main.storyboard; sourceTree = "<group>"; };
		D1751014291ADAB2002C1715 /* Assets.xcassets */ = {isa = PBXFileReference; lastKnownFileType = folder.assetcatalog; path = Assets.xcassets; sourceTree = "<group>"; };
		D1751017291ADAB2002C1715 /* Base */ = {isa = PBXFileReference; lastKnownFileType = file.storyboard; name = Base; path = Base.lproj/LaunchScreen.storyboard; sourceTree = "<group>"; };
		D1751019291ADAB2002C1715 /* Info.plist */ = {isa = PBXFileReference; lastKnownFileType = text.plist.xml; path = Info.plist; sourceTree = "<group>"; };
		D175101E291ADAB2002C1715 /* blueitTests.xctest */ = {isa = PBXFileReference; explicitFileType = wrapper.cfbundle; includeInIndex = 0; path = blueitTests.xctest; sourceTree = BUILT_PRODUCTS_DIR; };
		D1751022291ADAB2002C1715 /* blueitTests.swift */ = {isa = PBXFileReference; lastKnownFileType = sourcecode.swift; path = blueitTests.swift; sourceTree = "<group>"; };
		D1751028291ADAB2002C1715 /* blueitUITests.xctest */ = {isa = PBXFileReference; explicitFileType = wrapper.cfbundle; includeInIndex = 0; path = blueitUITests.xctest; sourceTree = BUILT_PRODUCTS_DIR; };
		D175102C291ADAB2002C1715 /* blueitUITests.swift */ = {isa = PBXFileReference; lastKnownFileType = sourcecode.swift; path = blueitUITests.swift; sourceTree = "<group>"; };
		D175102E291ADAB2002C1715 /* blueitUITestsLaunchTests.swift */ = {isa = PBXFileReference; lastKnownFileType = sourcecode.swift; path = blueitUITestsLaunchTests.swift; sourceTree = "<group>"; };
		D1EE55B02924551D000FD81D /* LoginViewController.swift */ = {isa = PBXFileReference; lastKnownFileType = sourcecode.swift; path = LoginViewController.swift; sourceTree = "<group>"; };
		D1EE55B62924568B000FD81D /* FeedViewController.swift */ = {isa = PBXFileReference; lastKnownFileType = sourcecode.swift; path = FeedViewController.swift; sourceTree = "<group>"; };
		EEFFF1F05D0EF697EE95E445 /* Pods-blueit.release.xcconfig */ = {isa = PBXFileReference; includeInIndex = 1; lastKnownFileType = text.xcconfig; name = "Pods-blueit.release.xcconfig"; path = "Target Support Files/Pods-blueit/Pods-blueit.release.xcconfig"; sourceTree = "<group>"; };
/* End PBXFileReference section */

/* Begin PBXFrameworksBuildPhase section */
		D1751005291ADAB0002C1715 /* Frameworks */ = {
			isa = PBXFrameworksBuildPhase;
			buildActionMask = 2147483647;
			files = (
				7882F8AEABDC26411E6A1DD1 /* Pods_blueit.framework in Frameworks */,
			);
			runOnlyForDeploymentPostprocessing = 0;
		};
		D175101B291ADAB2002C1715 /* Frameworks */ = {
			isa = PBXFrameworksBuildPhase;
			buildActionMask = 2147483647;
			files = (
				843C0C3C81E71F039AEA7D65 /* Pods_blueitTests.framework in Frameworks */,
			);
			runOnlyForDeploymentPostprocessing = 0;
		};
		D1751025291ADAB2002C1715 /* Frameworks */ = {
			isa = PBXFrameworksBuildPhase;
			buildActionMask = 2147483647;
			files = (
				3A3956C8398433907E0A9815 /* Pods_blueit_blueitUITests.framework in Frameworks */,
			);
			runOnlyForDeploymentPostprocessing = 0;
		};
/* End PBXFrameworksBuildPhase section */

/* Begin PBXGroup section */
		CB5E1F9F831F2D51DBEBB6F1 /* Pods */ = {
			isa = PBXGroup;
			children = (
				6312DFDE405C8AACB6F55905 /* Pods-blueit.debug.xcconfig */,
				EEFFF1F05D0EF697EE95E445 /* Pods-blueit.release.xcconfig */,
				6263AAE989E5DD3EFCE8547E /* Pods-blueit-blueitUITests.debug.xcconfig */,
				88B3C5FDE62350D4B6797CE6 /* Pods-blueit-blueitUITests.release.xcconfig */,
				C5E710CEFBA97A2E107AD75C /* Pods-blueitTests.debug.xcconfig */,
				1506E39F3C08C1D5A991FD8A /* Pods-blueitTests.release.xcconfig */,
			);
			path = Pods;
			sourceTree = "<group>";
		};
		D1750FFF291ADAB0002C1715 = {
			isa = PBXGroup;
			children = (
				D175100A291ADAB0002C1715 /* blueit */,
				D1751021291ADAB2002C1715 /* blueitTests */,
				D175102B291ADAB2002C1715 /* blueitUITests */,
				D1751009291ADAB0002C1715 /* Products */,
				CB5E1F9F831F2D51DBEBB6F1 /* Pods */,
				FCEC242B44EDEFB98A20A4AE /* Frameworks */,
			);
			sourceTree = "<group>";
		};
		D1751009291ADAB0002C1715 /* Products */ = {
			isa = PBXGroup;
			children = (
				D1751008291ADAB0002C1715 /* blueit.app */,
				D175101E291ADAB2002C1715 /* blueitTests.xctest */,
				D1751028291ADAB2002C1715 /* blueitUITests.xctest */,
			);
			name = Products;
			sourceTree = "<group>";
		};
		D175100A291ADAB0002C1715 /* blueit */ = {
			isa = PBXGroup;
			children = (
				A0FBB8DD292924CB009C3EEB /* RedditAPICaller.swift */,
				D175100B291ADAB0002C1715 /* AppDelegate.swift */,
				D175100D291ADAB0002C1715 /* SceneDelegate.swift */,
				D1751011291ADAB0002C1715 /* Main.storyboard */,
				D1751014291ADAB2002C1715 /* Assets.xcassets */,
				D1751016291ADAB2002C1715 /* LaunchScreen.storyboard */,
				D1751019291ADAB2002C1715 /* Info.plist */,
				D1EE55B02924551D000FD81D /* LoginViewController.swift */,
				D1EE55B62924568B000FD81D /* FeedViewController.swift */,
			);
			path = blueit;
			sourceTree = "<group>";
		};
		D1751021291ADAB2002C1715 /* blueitTests */ = {
			isa = PBXGroup;
			children = (
				D1751022291ADAB2002C1715 /* blueitTests.swift */,
			);
			path = blueitTests;
			sourceTree = "<group>";
		};
		D175102B291ADAB2002C1715 /* blueitUITests */ = {
			isa = PBXGroup;
			children = (
				D175102C291ADAB2002C1715 /* blueitUITests.swift */,
				D175102E291ADAB2002C1715 /* blueitUITestsLaunchTests.swift */,
			);
			path = blueitUITests;
			sourceTree = "<group>";
		};
		FCEC242B44EDEFB98A20A4AE /* Frameworks */ = {
			isa = PBXGroup;
			children = (
				10F1DA806082E85CD10CA83E /* Pods_blueit.framework */,
				4510A62FAE082F86F5C08050 /* Pods_blueit_blueitUITests.framework */,
				8118C6B82AC3C9C0A021FEEB /* Pods_blueitTests.framework */,
			);
			name = Frameworks;
			sourceTree = "<group>";
		};
/* End PBXGroup section */

/* Begin PBXNativeTarget section */
		D1751007291ADAB0002C1715 /* blueit */ = {
			isa = PBXNativeTarget;
			buildConfigurationList = D1751032291ADAB2002C1715 /* Build configuration list for PBXNativeTarget "blueit" */;
			buildPhases = (
				43BC36B8772F7E2C57E9BE6E /* [CP] Check Pods Manifest.lock */,
				D1751004291ADAB0002C1715 /* Sources */,
				D1751005291ADAB0002C1715 /* Frameworks */,
				D1751006291ADAB0002C1715 /* Resources */,
				B29248A61B6C7D7B05FC40A6 /* [CP] Embed Pods Frameworks */,
			);
			buildRules = (
			);
			dependencies = (
			);
			name = blueit;
			productName = blueit;
			productReference = D1751008291ADAB0002C1715 /* blueit.app */;
			productType = "com.apple.product-type.application";
		};
		D175101D291ADAB2002C1715 /* blueitTests */ = {
			isa = PBXNativeTarget;
			buildConfigurationList = D1751035291ADAB2002C1715 /* Build configuration list for PBXNativeTarget "blueitTests" */;
			buildPhases = (
				0FF42A675D22E6AA994572F8 /* [CP] Check Pods Manifest.lock */,
				D175101A291ADAB2002C1715 /* Sources */,
				D175101B291ADAB2002C1715 /* Frameworks */,
				D175101C291ADAB2002C1715 /* Resources */,
			);
			buildRules = (
			);
			dependencies = (
				D1751020291ADAB2002C1715 /* PBXTargetDependency */,
			);
			name = blueitTests;
			productName = blueitTests;
			productReference = D175101E291ADAB2002C1715 /* blueitTests.xctest */;
			productType = "com.apple.product-type.bundle.unit-test";
		};
		D1751027291ADAB2002C1715 /* blueitUITests */ = {
			isa = PBXNativeTarget;
			buildConfigurationList = D1751038291ADAB2002C1715 /* Build configuration list for PBXNativeTarget "blueitUITests" */;
			buildPhases = (
				5DE071E7990C21A77CDD5871 /* [CP] Check Pods Manifest.lock */,
				D1751024291ADAB2002C1715 /* Sources */,
				D1751025291ADAB2002C1715 /* Frameworks */,
				D1751026291ADAB2002C1715 /* Resources */,
				F48D7C98BEA0757DFA5B6640 /* [CP] Embed Pods Frameworks */,
			);
			buildRules = (
			);
			dependencies = (
				D175102A291ADAB2002C1715 /* PBXTargetDependency */,
			);
			name = blueitUITests;
			productName = blueitUITests;
			productReference = D1751028291ADAB2002C1715 /* blueitUITests.xctest */;
			productType = "com.apple.product-type.bundle.ui-testing";
		};
/* End PBXNativeTarget section */

/* Begin PBXProject section */
		D1751000291ADAB0002C1715 /* Project object */ = {
			isa = PBXProject;
			attributes = {
				BuildIndependentTargetsInParallel = 1;
				LastSwiftUpdateCheck = 1410;
				LastUpgradeCheck = 1410;
				TargetAttributes = {
					D1751007291ADAB0002C1715 = {
						CreatedOnToolsVersion = 14.1;
					};
					D175101D291ADAB2002C1715 = {
						CreatedOnToolsVersion = 14.1;
						TestTargetID = D1751007291ADAB0002C1715;
					};
					D1751027291ADAB2002C1715 = {
						CreatedOnToolsVersion = 14.1;
						TestTargetID = D1751007291ADAB0002C1715;
					};
				};
			};
			buildConfigurationList = D1751003291ADAB0002C1715 /* Build configuration list for PBXProject "blueit" */;
			compatibilityVersion = "Xcode 14.0";
			developmentRegion = en;
			hasScannedForEncodings = 0;
			knownRegions = (
				en,
				Base,
			);
			mainGroup = D1750FFF291ADAB0002C1715;
			productRefGroup = D1751009291ADAB0002C1715 /* Products */;
			projectDirPath = "";
			projectRoot = "";
			targets = (
				D1751007291ADAB0002C1715 /* blueit */,
				D175101D291ADAB2002C1715 /* blueitTests */,
				D1751027291ADAB2002C1715 /* blueitUITests */,
			);
		};
/* End PBXProject section */

/* Begin PBXResourcesBuildPhase section */
		D1751006291ADAB0002C1715 /* Resources */ = {
			isa = PBXResourcesBuildPhase;
			buildActionMask = 2147483647;
			files = (
				D1751018291ADAB2002C1715 /* LaunchScreen.storyboard in Resources */,
				D1751015291ADAB2002C1715 /* Assets.xcassets in Resources */,
				D1751013291ADAB0002C1715 /* Main.storyboard in Resources */,
			);
			runOnlyForDeploymentPostprocessing = 0;
		};
		D175101C291ADAB2002C1715 /* Resources */ = {
			isa = PBXResourcesBuildPhase;
			buildActionMask = 2147483647;
			files = (
			);
			runOnlyForDeploymentPostprocessing = 0;
		};
		D1751026291ADAB2002C1715 /* Resources */ = {
			isa = PBXResourcesBuildPhase;
			buildActionMask = 2147483647;
			files = (
			);
			runOnlyForDeploymentPostprocessing = 0;
		};
/* End PBXResourcesBuildPhase section */

/* Begin PBXShellScriptBuildPhase section */
		0FF42A675D22E6AA994572F8 /* [CP] Check Pods Manifest.lock */ = {
			isa = PBXShellScriptBuildPhase;
			buildActionMask = 2147483647;
			files = (
			);
			inputFileListPaths = (
			);
			inputPaths = (
				"${PODS_PODFILE_DIR_PATH}/Podfile.lock",
				"${PODS_ROOT}/Manifest.lock",
			);
			name = "[CP] Check Pods Manifest.lock";
			outputFileListPaths = (
			);
			outputPaths = (
				"$(DERIVED_FILE_DIR)/Pods-blueitTests-checkManifestLockResult.txt",
			);
			runOnlyForDeploymentPostprocessing = 0;
			shellPath = /bin/sh;
			shellScript = "diff \"${PODS_PODFILE_DIR_PATH}/Podfile.lock\" \"${PODS_ROOT}/Manifest.lock\" > /dev/null\nif [ $? != 0 ] ; then\n    # print error to STDERR\n    echo \"error: The sandbox is not in sync with the Podfile.lock. Run 'pod install' or update your CocoaPods installation.\" >&2\n    exit 1\nfi\n# This output is used by Xcode 'outputs' to avoid re-running this script phase.\necho \"SUCCESS\" > \"${SCRIPT_OUTPUT_FILE_0}\"\n";
			showEnvVarsInLog = 0;
		};
		43BC36B8772F7E2C57E9BE6E /* [CP] Check Pods Manifest.lock */ = {
			isa = PBXShellScriptBuildPhase;
			buildActionMask = 2147483647;
			files = (
			);
			inputFileListPaths = (
			);
			inputPaths = (
				"${PODS_PODFILE_DIR_PATH}/Podfile.lock",
				"${PODS_ROOT}/Manifest.lock",
			);
			name = "[CP] Check Pods Manifest.lock";
			outputFileListPaths = (
			);
			outputPaths = (
				"$(DERIVED_FILE_DIR)/Pods-blueit-checkManifestLockResult.txt",
			);
			runOnlyForDeploymentPostprocessing = 0;
			shellPath = /bin/sh;
			shellScript = "diff \"${PODS_PODFILE_DIR_PATH}/Podfile.lock\" \"${PODS_ROOT}/Manifest.lock\" > /dev/null\nif [ $? != 0 ] ; then\n    # print error to STDERR\n    echo \"error: The sandbox is not in sync with the Podfile.lock. Run 'pod install' or update your CocoaPods installation.\" >&2\n    exit 1\nfi\n# This output is used by Xcode 'outputs' to avoid re-running this script phase.\necho \"SUCCESS\" > \"${SCRIPT_OUTPUT_FILE_0}\"\n";
			showEnvVarsInLog = 0;
		};
		5DE071E7990C21A77CDD5871 /* [CP] Check Pods Manifest.lock */ = {
			isa = PBXShellScriptBuildPhase;
			buildActionMask = 2147483647;
			files = (
			);
			inputFileListPaths = (
			);
			inputPaths = (
				"${PODS_PODFILE_DIR_PATH}/Podfile.lock",
				"${PODS_ROOT}/Manifest.lock",
			);
			name = "[CP] Check Pods Manifest.lock";
			outputFileListPaths = (
			);
			outputPaths = (
				"$(DERIVED_FILE_DIR)/Pods-blueit-blueitUITests-checkManifestLockResult.txt",
			);
			runOnlyForDeploymentPostprocessing = 0;
			shellPath = /bin/sh;
			shellScript = "diff \"${PODS_PODFILE_DIR_PATH}/Podfile.lock\" \"${PODS_ROOT}/Manifest.lock\" > /dev/null\nif [ $? != 0 ] ; then\n    # print error to STDERR\n    echo \"error: The sandbox is not in sync with the Podfile.lock. Run 'pod install' or update your CocoaPods installation.\" >&2\n    exit 1\nfi\n# This output is used by Xcode 'outputs' to avoid re-running this script phase.\necho \"SUCCESS\" > \"${SCRIPT_OUTPUT_FILE_0}\"\n";
			showEnvVarsInLog = 0;
		};
		B29248A61B6C7D7B05FC40A6 /* [CP] Embed Pods Frameworks */ = {
			isa = PBXShellScriptBuildPhase;
			buildActionMask = 2147483647;
			files = (
			);
			inputFileListPaths = (
				"${PODS_ROOT}/Target Support Files/Pods-blueit/Pods-blueit-frameworks-${CONFIGURATION}-input-files.xcfilelist",
			);
			name = "[CP] Embed Pods Frameworks";
			outputFileListPaths = (
				"${PODS_ROOT}/Target Support Files/Pods-blueit/Pods-blueit-frameworks-${CONFIGURATION}-output-files.xcfilelist",
			);
			runOnlyForDeploymentPostprocessing = 0;
			shellPath = /bin/sh;
			shellScript = "\"${PODS_ROOT}/Target Support Files/Pods-blueit/Pods-blueit-frameworks.sh\"\n";
			showEnvVarsInLog = 0;
		};
		F48D7C98BEA0757DFA5B6640 /* [CP] Embed Pods Frameworks */ = {
			isa = PBXShellScriptBuildPhase;
			buildActionMask = 2147483647;
			files = (
			);
			inputFileListPaths = (
				"${PODS_ROOT}/Target Support Files/Pods-blueit-blueitUITests/Pods-blueit-blueitUITests-frameworks-${CONFIGURATION}-input-files.xcfilelist",
			);
			name = "[CP] Embed Pods Frameworks";
			outputFileListPaths = (
				"${PODS_ROOT}/Target Support Files/Pods-blueit-blueitUITests/Pods-blueit-blueitUITests-frameworks-${CONFIGURATION}-output-files.xcfilelist",
			);
			runOnlyForDeploymentPostprocessing = 0;
			shellPath = /bin/sh;
			shellScript = "\"${PODS_ROOT}/Target Support Files/Pods-blueit-blueitUITests/Pods-blueit-blueitUITests-frameworks.sh\"\n";
			showEnvVarsInLog = 0;
		};
/* End PBXShellScriptBuildPhase section */

/* Begin PBXSourcesBuildPhase section */
		D1751004291ADAB0002C1715 /* Sources */ = {
			isa = PBXSourcesBuildPhase;
			buildActionMask = 2147483647;
			files = (
				D1EE55B12924551D000FD81D /* LoginViewController.swift in Sources */,
				D175100C291ADAB0002C1715 /* AppDelegate.swift in Sources */,
				A0FBB8DE292924CC009C3EEB /* RedditAPICaller.swift in Sources */,
				D1EE55B72924568B000FD81D /* FeedViewController.swift in Sources */,
				D175100E291ADAB0002C1715 /* SceneDelegate.swift in Sources */,
			);
			runOnlyForDeploymentPostprocessing = 0;
		};
		D175101A291ADAB2002C1715 /* Sources */ = {
			isa = PBXSourcesBuildPhase;
			buildActionMask = 2147483647;
			files = (
				D1751023291ADAB2002C1715 /* blueitTests.swift in Sources */,
			);
			runOnlyForDeploymentPostprocessing = 0;
		};
		D1751024291ADAB2002C1715 /* Sources */ = {
			isa = PBXSourcesBuildPhase;
			buildActionMask = 2147483647;
			files = (
				D175102D291ADAB2002C1715 /* blueitUITests.swift in Sources */,
				D175102F291ADAB2002C1715 /* blueitUITestsLaunchTests.swift in Sources */,
			);
			runOnlyForDeploymentPostprocessing = 0;
		};
/* End PBXSourcesBuildPhase section */

/* Begin PBXTargetDependency section */
		D1751020291ADAB2002C1715 /* PBXTargetDependency */ = {
			isa = PBXTargetDependency;
			target = D1751007291ADAB0002C1715 /* blueit */;
			targetProxy = D175101F291ADAB2002C1715 /* PBXContainerItemProxy */;
		};
		D175102A291ADAB2002C1715 /* PBXTargetDependency */ = {
			isa = PBXTargetDependency;
			target = D1751007291ADAB0002C1715 /* blueit */;
			targetProxy = D1751029291ADAB2002C1715 /* PBXContainerItemProxy */;
		};
/* End PBXTargetDependency section */

/* Begin PBXVariantGroup section */
		D1751011291ADAB0002C1715 /* Main.storyboard */ = {
			isa = PBXVariantGroup;
			children = (
				D1751012291ADAB0002C1715 /* Base */,
			);
			name = Main.storyboard;
			sourceTree = "<group>";
		};
		D1751016291ADAB2002C1715 /* LaunchScreen.storyboard */ = {
			isa = PBXVariantGroup;
			children = (
				D1751017291ADAB2002C1715 /* Base */,
			);
			name = LaunchScreen.storyboard;
			sourceTree = "<group>";
		};
/* End PBXVariantGroup section */

/* Begin XCBuildConfiguration section */
		D1751030291ADAB2002C1715 /* Debug */ = {
			isa = XCBuildConfiguration;
			buildSettings = {
				ALWAYS_SEARCH_USER_PATHS = NO;
				CLANG_ANALYZER_NONNULL = YES;
				CLANG_ANALYZER_NUMBER_OBJECT_CONVERSION = YES_AGGRESSIVE;
				CLANG_CXX_LANGUAGE_STANDARD = "gnu++20";
				CLANG_ENABLE_MODULES = YES;
				CLANG_ENABLE_OBJC_ARC = YES;
				CLANG_ENABLE_OBJC_WEAK = YES;
				CLANG_WARN_BLOCK_CAPTURE_AUTORELEASING = YES;
				CLANG_WARN_BOOL_CONVERSION = YES;
				CLANG_WARN_COMMA = YES;
				CLANG_WARN_CONSTANT_CONVERSION = YES;
				CLANG_WARN_DEPRECATED_OBJC_IMPLEMENTATIONS = YES;
				CLANG_WARN_DIRECT_OBJC_ISA_USAGE = YES_ERROR;
				CLANG_WARN_DOCUMENTATION_COMMENTS = YES;
				CLANG_WARN_EMPTY_BODY = YES;
				CLANG_WARN_ENUM_CONVERSION = YES;
				CLANG_WARN_INFINITE_RECURSION = YES;
				CLANG_WARN_INT_CONVERSION = YES;
				CLANG_WARN_NON_LITERAL_NULL_CONVERSION = YES;
				CLANG_WARN_OBJC_IMPLICIT_RETAIN_SELF = YES;
				CLANG_WARN_OBJC_LITERAL_CONVERSION = YES;
				CLANG_WARN_OBJC_ROOT_CLASS = YES_ERROR;
				CLANG_WARN_QUOTED_INCLUDE_IN_FRAMEWORK_HEADER = YES;
				CLANG_WARN_RANGE_LOOP_ANALYSIS = YES;
				CLANG_WARN_STRICT_PROTOTYPES = YES;
				CLANG_WARN_SUSPICIOUS_MOVE = YES;
				CLANG_WARN_UNGUARDED_AVAILABILITY = YES_AGGRESSIVE;
				CLANG_WARN_UNREACHABLE_CODE = YES;
				CLANG_WARN__DUPLICATE_METHOD_MATCH = YES;
				COPY_PHASE_STRIP = NO;
				DEBUG_INFORMATION_FORMAT = dwarf;
				ENABLE_STRICT_OBJC_MSGSEND = YES;
				ENABLE_TESTABILITY = YES;
				GCC_C_LANGUAGE_STANDARD = gnu11;
				GCC_DYNAMIC_NO_PIC = NO;
				GCC_NO_COMMON_BLOCKS = YES;
				GCC_OPTIMIZATION_LEVEL = 0;
				GCC_PREPROCESSOR_DEFINITIONS = (
					"DEBUG=1",
					"$(inherited)",
				);
				GCC_WARN_64_TO_32_BIT_CONVERSION = YES;
				GCC_WARN_ABOUT_RETURN_TYPE = YES_ERROR;
				GCC_WARN_UNDECLARED_SELECTOR = YES;
				GCC_WARN_UNINITIALIZED_AUTOS = YES_AGGRESSIVE;
				GCC_WARN_UNUSED_FUNCTION = YES;
				GCC_WARN_UNUSED_VARIABLE = YES;
				IPHONEOS_DEPLOYMENT_TARGET = 16.1;
				MTL_ENABLE_DEBUG_INFO = INCLUDE_SOURCE;
				MTL_FAST_MATH = YES;
				ONLY_ACTIVE_ARCH = YES;
				SDKROOT = iphoneos;
				SWIFT_ACTIVE_COMPILATION_CONDITIONS = DEBUG;
				SWIFT_OPTIMIZATION_LEVEL = "-Onone";
			};
			name = Debug;
		};
		D1751031291ADAB2002C1715 /* Release */ = {
			isa = XCBuildConfiguration;
			buildSettings = {
				ALWAYS_SEARCH_USER_PATHS = NO;
				CLANG_ANALYZER_NONNULL = YES;
				CLANG_ANALYZER_NUMBER_OBJECT_CONVERSION = YES_AGGRESSIVE;
				CLANG_CXX_LANGUAGE_STANDARD = "gnu++20";
				CLANG_ENABLE_MODULES = YES;
				CLANG_ENABLE_OBJC_ARC = YES;
				CLANG_ENABLE_OBJC_WEAK = YES;
				CLANG_WARN_BLOCK_CAPTURE_AUTORELEASING = YES;
				CLANG_WARN_BOOL_CONVERSION = YES;
				CLANG_WARN_COMMA = YES;
				CLANG_WARN_CONSTANT_CONVERSION = YES;
				CLANG_WARN_DEPRECATED_OBJC_IMPLEMENTATIONS = YES;
				CLANG_WARN_DIRECT_OBJC_ISA_USAGE = YES_ERROR;
				CLANG_WARN_DOCUMENTATION_COMMENTS = YES;
				CLANG_WARN_EMPTY_BODY = YES;
				CLANG_WARN_ENUM_CONVERSION = YES;
				CLANG_WARN_INFINITE_RECURSION = YES;
				CLANG_WARN_INT_CONVERSION = YES;
				CLANG_WARN_NON_LITERAL_NULL_CONVERSION = YES;
				CLANG_WARN_OBJC_IMPLICIT_RETAIN_SELF = YES;
				CLANG_WARN_OBJC_LITERAL_CONVERSION = YES;
				CLANG_WARN_OBJC_ROOT_CLASS = YES_ERROR;
				CLANG_WARN_QUOTED_INCLUDE_IN_FRAMEWORK_HEADER = YES;
				CLANG_WARN_RANGE_LOOP_ANALYSIS = YES;
				CLANG_WARN_STRICT_PROTOTYPES = YES;
				CLANG_WARN_SUSPICIOUS_MOVE = YES;
				CLANG_WARN_UNGUARDED_AVAILABILITY = YES_AGGRESSIVE;
				CLANG_WARN_UNREACHABLE_CODE = YES;
				CLANG_WARN__DUPLICATE_METHOD_MATCH = YES;
				COPY_PHASE_STRIP = NO;
				DEBUG_INFORMATION_FORMAT = "dwarf-with-dsym";
				ENABLE_NS_ASSERTIONS = NO;
				ENABLE_STRICT_OBJC_MSGSEND = YES;
				GCC_C_LANGUAGE_STANDARD = gnu11;
				GCC_NO_COMMON_BLOCKS = YES;
				GCC_WARN_64_TO_32_BIT_CONVERSION = YES;
				GCC_WARN_ABOUT_RETURN_TYPE = YES_ERROR;
				GCC_WARN_UNDECLARED_SELECTOR = YES;
				GCC_WARN_UNINITIALIZED_AUTOS = YES_AGGRESSIVE;
				GCC_WARN_UNUSED_FUNCTION = YES;
				GCC_WARN_UNUSED_VARIABLE = YES;
				IPHONEOS_DEPLOYMENT_TARGET = 16.1;
				MTL_ENABLE_DEBUG_INFO = NO;
				MTL_FAST_MATH = YES;
				SDKROOT = iphoneos;
				SWIFT_COMPILATION_MODE = wholemodule;
				SWIFT_OPTIMIZATION_LEVEL = "-O";
				VALIDATE_PRODUCT = YES;
			};
			name = Release;
		};
		D1751033291ADAB2002C1715 /* Debug */ = {
			isa = XCBuildConfiguration;
			baseConfigurationReference = 6312DFDE405C8AACB6F55905 /* Pods-blueit.debug.xcconfig */;
			buildSettings = {
				ASSETCATALOG_COMPILER_APPICON_NAME = AppIcon;
				ASSETCATALOG_COMPILER_GLOBAL_ACCENT_COLOR_NAME = AccentColor;
				CODE_SIGN_STYLE = Automatic;
				CURRENT_PROJECT_VERSION = 1;
				DEVELOPMENT_TEAM = N963URC2CU;
				GENERATE_INFOPLIST_FILE = YES;
				INFOPLIST_FILE = blueit/Info.plist;
				INFOPLIST_KEY_UIApplicationSupportsIndirectInputEvents = YES;
				INFOPLIST_KEY_UILaunchStoryboardName = LaunchScreen;
				INFOPLIST_KEY_UIMainStoryboardFile = Main;
				INFOPLIST_KEY_UISupportedInterfaceOrientations_iPad = "UIInterfaceOrientationPortrait UIInterfaceOrientationPortraitUpsideDown UIInterfaceOrientationLandscapeLeft UIInterfaceOrientationLandscapeRight";
				INFOPLIST_KEY_UISupportedInterfaceOrientations_iPhone = "UIInterfaceOrientationPortrait UIInterfaceOrientationLandscapeLeft UIInterfaceOrientationLandscapeRight";
				IPHONEOS_DEPLOYMENT_TARGET = 16.0;
				LD_RUNPATH_SEARCH_PATHS = (
					"$(inherited)",
					"@executable_path/Frameworks",
				);
				MARKETING_VERSION = 1.0;
				PRODUCT_BUNDLE_IDENTIFIER = com.codepath.blueit;
				PRODUCT_NAME = "$(TARGET_NAME)";
				SWIFT_EMIT_LOC_STRINGS = YES;
				SWIFT_VERSION = 5.0;
				TARGETED_DEVICE_FAMILY = "1,2";
			};
			name = Debug;
		};
		D1751034291ADAB2002C1715 /* Release */ = {
			isa = XCBuildConfiguration;
			baseConfigurationReference = EEFFF1F05D0EF697EE95E445 /* Pods-blueit.release.xcconfig */;
			buildSettings = {
				ASSETCATALOG_COMPILER_APPICON_NAME = AppIcon;
				ASSETCATALOG_COMPILER_GLOBAL_ACCENT_COLOR_NAME = AccentColor;
				CODE_SIGN_STYLE = Automatic;
				CURRENT_PROJECT_VERSION = 1;
				DEVELOPMENT_TEAM = N963URC2CU;
				GENERATE_INFOPLIST_FILE = YES;
				INFOPLIST_FILE = blueit/Info.plist;
				INFOPLIST_KEY_UIApplicationSupportsIndirectInputEvents = YES;
				INFOPLIST_KEY_UILaunchStoryboardName = LaunchScreen;
				INFOPLIST_KEY_UIMainStoryboardFile = Main;
				INFOPLIST_KEY_UISupportedInterfaceOrientations_iPad = "UIInterfaceOrientationPortrait UIInterfaceOrientationPortraitUpsideDown UIInterfaceOrientationLandscapeLeft UIInterfaceOrientationLandscapeRight";
				INFOPLIST_KEY_UISupportedInterfaceOrientations_iPhone = "UIInterfaceOrientationPortrait UIInterfaceOrientationLandscapeLeft UIInterfaceOrientationLandscapeRight";
				IPHONEOS_DEPLOYMENT_TARGET = 16.0;
				LD_RUNPATH_SEARCH_PATHS = (
					"$(inherited)",
					"@executable_path/Frameworks",
				);
				MARKETING_VERSION = 1.0;
				PRODUCT_BUNDLE_IDENTIFIER = com.codepath.blueit;
				PRODUCT_NAME = "$(TARGET_NAME)";
				SWIFT_EMIT_LOC_STRINGS = YES;
				SWIFT_VERSION = 5.0;
				TARGETED_DEVICE_FAMILY = "1,2";
			};
			name = Release;
		};
		D1751036291ADAB2002C1715 /* Debug */ = {
			isa = XCBuildConfiguration;
			baseConfigurationReference = C5E710CEFBA97A2E107AD75C /* Pods-blueitTests.debug.xcconfig */;
			buildSettings = {
				ALWAYS_EMBED_SWIFT_STANDARD_LIBRARIES = YES;
				BUNDLE_LOADER = "$(TEST_HOST)";
				CODE_SIGN_STYLE = Automatic;
				CURRENT_PROJECT_VERSION = 1;
				DEVELOPMENT_TEAM = N963URC2CU;
				GENERATE_INFOPLIST_FILE = YES;
				IPHONEOS_DEPLOYMENT_TARGET = 16.1;
				MARKETING_VERSION = 1.0;
				PRODUCT_BUNDLE_IDENTIFIER = com.codepath.blueitTests;
				PRODUCT_NAME = "$(TARGET_NAME)";
				SWIFT_EMIT_LOC_STRINGS = NO;
				SWIFT_VERSION = 5.0;
				TARGETED_DEVICE_FAMILY = "1,2";
				TEST_HOST = "$(BUILT_PRODUCTS_DIR)/blueit.app/$(BUNDLE_EXECUTABLE_FOLDER_PATH)/blueit";
			};
			name = Debug;
		};
		D1751037291ADAB2002C1715 /* Release */ = {
			isa = XCBuildConfiguration;
			baseConfigurationReference = 1506E39F3C08C1D5A991FD8A /* Pods-blueitTests.release.xcconfig */;
			buildSettings = {
				ALWAYS_EMBED_SWIFT_STANDARD_LIBRARIES = YES;
				BUNDLE_LOADER = "$(TEST_HOST)";
				CODE_SIGN_STYLE = Automatic;
				CURRENT_PROJECT_VERSION = 1;
				DEVELOPMENT_TEAM = N963URC2CU;
				GENERATE_INFOPLIST_FILE = YES;
				IPHONEOS_DEPLOYMENT_TARGET = 16.1;
				MARKETING_VERSION = 1.0;
				PRODUCT_BUNDLE_IDENTIFIER = com.codepath.blueitTests;
				PRODUCT_NAME = "$(TARGET_NAME)";
				SWIFT_EMIT_LOC_STRINGS = NO;
				SWIFT_VERSION = 5.0;
				TARGETED_DEVICE_FAMILY = "1,2";
				TEST_HOST = "$(BUILT_PRODUCTS_DIR)/blueit.app/$(BUNDLE_EXECUTABLE_FOLDER_PATH)/blueit";
			};
			name = Release;
		};
		D1751039291ADAB2002C1715 /* Debug */ = {
			isa = XCBuildConfiguration;
			baseConfigurationReference = 6263AAE989E5DD3EFCE8547E /* Pods-blueit-blueitUITests.debug.xcconfig */;
			buildSettings = {
				ALWAYS_EMBED_SWIFT_STANDARD_LIBRARIES = YES;
				CODE_SIGN_STYLE = Automatic;
				CURRENT_PROJECT_VERSION = 1;
				DEVELOPMENT_TEAM = N963URC2CU;
				GENERATE_INFOPLIST_FILE = YES;
				MARKETING_VERSION = 1.0;
				PRODUCT_BUNDLE_IDENTIFIER = com.codepath.blueitUITests;
				PRODUCT_NAME = "$(TARGET_NAME)";
				SWIFT_EMIT_LOC_STRINGS = NO;
				SWIFT_VERSION = 5.0;
				TARGETED_DEVICE_FAMILY = "1,2";
				TEST_TARGET_NAME = blueit;
			};
			name = Debug;
		};
		D175103A291ADAB2002C1715 /* Release */ = {
			isa = XCBuildConfiguration;
			baseConfigurationReference = 88B3C5FDE62350D4B6797CE6 /* Pods-blueit-blueitUITests.release.xcconfig */;
			buildSettings = {
				ALWAYS_EMBED_SWIFT_STANDARD_LIBRARIES = YES;
				CODE_SIGN_STYLE = Automatic;
				CURRENT_PROJECT_VERSION = 1;
				DEVELOPMENT_TEAM = N963URC2CU;
				GENERATE_INFOPLIST_FILE = YES;
				MARKETING_VERSION = 1.0;
				PRODUCT_BUNDLE_IDENTIFIER = com.codepath.blueitUITests;
				PRODUCT_NAME = "$(TARGET_NAME)";
				SWIFT_EMIT_LOC_STRINGS = NO;
				SWIFT_VERSION = 5.0;
				TARGETED_DEVICE_FAMILY = "1,2";
				TEST_TARGET_NAME = blueit;
			};
			name = Release;
		};
/* End XCBuildConfiguration section */

/* Begin XCConfigurationList section */
		D1751003291ADAB0002C1715 /* Build configuration list for PBXProject "blueit" */ = {
			isa = XCConfigurationList;
			buildConfigurations = (
				D1751030291ADAB2002C1715 /* Debug */,
				D1751031291ADAB2002C1715 /* Release */,
			);
			defaultConfigurationIsVisible = 0;
			defaultConfigurationName = Release;
		};
		D1751032291ADAB2002C1715 /* Build configuration list for PBXNativeTarget "blueit" */ = {
			isa = XCConfigurationList;
			buildConfigurations = (
				D1751033291ADAB2002C1715 /* Debug */,
				D1751034291ADAB2002C1715 /* Release */,
			);
			defaultConfigurationIsVisible = 0;
			defaultConfigurationName = Release;
		};
		D1751035291ADAB2002C1715 /* Build configuration list for PBXNativeTarget "blueitTests" */ = {
			isa = XCConfigurationList;
			buildConfigurations = (
				D1751036291ADAB2002C1715 /* Debug */,
				D1751037291ADAB2002C1715 /* Release */,
			);
			defaultConfigurationIsVisible = 0;
			defaultConfigurationName = Release;
		};
		D1751038291ADAB2002C1715 /* Build configuration list for PBXNativeTarget "blueitUITests" */ = {
			isa = XCConfigurationList;
			buildConfigurations = (
				D1751039291ADAB2002C1715 /* Debug */,
				D175103A291ADAB2002C1715 /* Release */,
			);
			defaultConfigurationIsVisible = 0;
			defaultConfigurationName = Release;
		};
/* End XCConfigurationList section */
	};
	rootObject = D1751000291ADAB0002C1715 /* Project object */;
}
